
Microsoft Visual Studio Solution File, Format Version 12.00
# Visual Studio Version 17
VisualStudioVersion = 17.11.35222.181
MinimumVisualStudioVersion = 10.0.40219.1
Project("{FAE04EC0-301F-11D3-BF4B-00C04F79EFBC}") = "Practicas5-7", "Practicas5-7\Practicas5-7.csproj", "{8FB0B81C-55C2-4836-BE09-1E262FFE74C9}"
EndProject
Global
	GlobalSection(SolutionConfigurationPlatforms) = preSolution
		Debug|Any CPU = Debug|Any CPU
		Release|Any CPU = Release|Any CPU
	EndGlobalSection
	GlobalSection(ProjectConfigurationPlatforms) = postSolution
		{8FB0B81C-55C2-4836-BE09-1E262FFE74C9}.Debug|Any CPU.ActiveCfg = Debug|Any CPU
		{8FB0B81C-55C2-4836-BE09-1E262FFE74C9}.Debug|Any CPU.Build.0 = Debug|Any CPU
		{8FB0B81C-55C2-4836-BE09-1E262FFE74C9}.Release|Any CPU.ActiveCfg = Release|Any CPU
		{8FB0B81C-55C2-4836-BE09-1E262FFE74C9}.Release|Any CPU.Build.0 = Release|Any CPU
	EndGlobalSection
	GlobalSection(SolutionProperties) = preSolution
		HideSolutionNode = FALSE
	EndGlobalSection
	GlobalSection(ExtensibilityGlobals) = postSolution
		SolutionGuid = {70AF3D36-DD43-4884-AE8B-4BE5C07E1297}
	EndGlobalSection
EndGlobal
